<?xml version="1.0" encoding="utf-8"?>
<Project ToolsVersion="4.0" xmlns="http://schemas.microsoft.com/developer/msbuild/2003">
  <ItemGroup>
    <Filter Include="Source Files">
      <UniqueIdentifier>{4FC737F1-C7A5-4376-A066-2A32D752A2FF}</UniqueIdentifier>
      <Extensions>cpp;c;cc;cxx;def;odl;idl;hpj;bat;asm;asmx</Extensions>
    </Filter>
    <Filter Include="Header Files">
      <UniqueIdentifier>{93995380-89BD-4b04-88EB-625FBE52EBFB}</UniqueIdentifier>
      <Extensions>h;hh;hpp;hxx;hm;inl;inc;xsd</Extensions>
    </Filter>
    <Filter Include="Resource Files">
      <UniqueIdentifier>{67DA6AB6-F800-4c08-8B7A-83BB121AAD01}</UniqueIdentifier>
      <Extensions>rc;ico;cur;bmp;dlg;rc2;rct;bin;rgs;gif;jpg;jpeg;jpe;resx;tiff;tif;png;wav;mfcribbon-ms</Extensions>
    </Filter>
  </ItemGroup>
  <ItemGroup>
    <ClInclude Include="CommandParser.h">
      <Filter>Header Files</Filter>
    </ClInclude>
    <ClInclude Include="CommandProcessing.h">
      <Filter>Header Files</Filter>
    </ClInclude>
    <ClInclude Include="Config.h">
      <Filter>Header Files</Filter>
    </ClInclude>
    <ClInclude Include="DemoWaveform.h">
      <Filter>Header Files</Filter>
    </ClInclude>
    <ClInclude Include="QuadMux.h">
      <Filter>Header Files</Filter>
    </ClInclude>
    <ClInclude Include="NameIdPair.h">
      <Filter>Header Files</Filter>
    </ClInclude>
    <ClInclude Include="ToggleMode.h">
      <Filter>Header Files</Filter>
    </ClInclude>
    <ClInclude Include="CellX_Demo.h">
      <Filter>Header Files</Filter>
    </ClInclude>
    <ClInclude Include="__vm\.CellX_Stimulator.vsarduino.h">
      <Filter>Header Files</Filter>
    </ClInclude>
    <ClInclude Include="PlayLoop.h">
      <Filter>Header Files</Filter>
    </ClInclude>
    <ClInclude Include="ActionWaveform.h">
      <Filter>Header Files</Filter>
    </ClInclude>
    <ClInclude Include="ICycleWaveform.h">
      <Filter>Header Files</Filter>
    </ClInclude>
    <ClInclude Include="UniformCycleWaveform.h">
      <Filter>Header Files</Filter>
    </ClInclude>
    <ClInclude Include="WaveformCycleSequence.h">
      <Filter>Header Files</Filter>
    </ClInclude>
    <ClInclude Include="TeensyCellX.h" />
    <ClInclude Include="CellX_Stimulator.h" />
  </ItemGroup>
  <ItemGroup>
    <ClCompile Include="CommandParser.cpp">
      <Filter>Source Files</Filter>
    </ClCompile>
    <ClCompile Include="CommandProcessing.cpp">
      <Filter>Source Files</Filter>
    </ClCompile>
    <ClCompile Include="CommandProcessing.Download.cpp">
      <Filter>Source Files</Filter>
    </ClCompile>
    <ClCompile Include="CommandProcessing.Help.cpp">
      <Filter>Source Files</Filter>
    </ClCompile>
    <ClCompile Include="CommandProcessing.SerialPolling.cpp">
      <Filter>Source Files</Filter>
    </ClCompile>
    <ClCompile Include="CommandProcessing.Tests.cpp">
      <Filter>Source Files</Filter>
    </ClCompile>
    <ClCompile Include="CommandProcessing.Waveforms.cpp">
      <Filter>Source Files</Filter>
    </ClCompile>
    <ClCompile Include="CommandProcessing.CellX.cpp">
      <Filter>Source Files</Filter>
    </ClCompile>
    <ClCompile Include="CommandParser.ErrorReporting.cpp">
      <Filter>Source Files</Filter>
    </ClCompile>
    <ClCompile Include="CommandParser.CommandTable.cpp">
      <Filter>Source Files</Filter>
    </ClCompile>
    <ClCompile Include="ToggleMode.cpp">
      <Filter>Source Files</Filter>
    </ClCompile>
    <ClCompile Include="CellX_Demo.cpp">
      <Filter>Source Files</Filter>
    </ClCompile>
    <ClCompile Include="PrintfAndTrace.cpp">
      <Filter>Source Files</Filter>
    </ClCompile>
    <ClCompile Include="CommandProcessing.ReportError.cpp">
      <Filter>Source Files</Filter>
    </ClCompile>
  </ItemGroup>
  <ItemGroup>
    <None Include="CellX_Stimulator.ino" />
  </ItemGroup>
</Project>